
Microsoft Visual Studio Solution File, Format Version 12.00
# Visual Studio 15
VisualStudioVersion = 15.0.28010.2026
MinimumVisualStudioVersion = 10.0.40219.1
Project("{9A19103F-16F7-4668-BE54-9A1E7A4F7556}") = "WebAppsGenerator.Core", "WebAppsGenerator.Core\WebAppsGenerator.Core.csproj", "{1E7F4985-8603-4CF8-B373-F169111367AD}"
EndProject
Project("{9A19103F-16F7-4668-BE54-9A1E7A4F7556}") = "WebAppsGenerator.Console", "WebAppsGenerator.Console\WebAppsGenerator.Console.csproj", "{C0803397-D493-4377-B666-216BEF4D5D4D}"
EndProject
Project("{9A19103F-16F7-4668-BE54-9A1E7A4F7556}") = "WebAppsGenerator.Tests", "WebAppsGenerator.Tests\WebAppsGenerator.Tests.csproj", "{B6E9E171-E7CD-4CD5-9E6F-32CE36546346}"
EndProject
Project("{FAE04EC0-301F-11D3-BF4B-00C04F79EFBC}") = "WebAppsGenerator.Generating.Abstract", "WebAppsGenerator.Generating.Abstract\WebAppsGenerator.Generating.Abstract.csproj", "{C623C132-7524-430E-A6C4-5EEE82FDD6D5}"
EndProject
Project("{FAE04EC0-301F-11D3-BF4B-00C04F79EFBC}") = "WebAppsGenerator.Generating.AspNetCore", "WebAppsGenerator.Generating.AspNetCore\WebAppsGenerator.Generating.AspNetCore.csproj", "{3208C381-05C0-49A4-B9D4-4727981D10F8}"
EndProject
Global
	GlobalSection(SolutionConfigurationPlatforms) = preSolution
		Debug|Any CPU = Debug|Any CPU
		Release|Any CPU = Release|Any CPU
	EndGlobalSection
	GlobalSection(ProjectConfigurationPlatforms) = postSolution
		{1E7F4985-8603-4CF8-B373-F169111367AD}.Debug|Any CPU.ActiveCfg = Debug|Any CPU
		{1E7F4985-8603-4CF8-B373-F169111367AD}.Debug|Any CPU.Build.0 = Debug|Any CPU
		{1E7F4985-8603-4CF8-B373-F169111367AD}.Release|Any CPU.ActiveCfg = Release|Any CPU
		{1E7F4985-8603-4CF8-B373-F169111367AD}.Release|Any CPU.Build.0 = Release|Any CPU
		{C0803397-D493-4377-B666-216BEF4D5D4D}.Debug|Any CPU.ActiveCfg = Debug|Any CPU
		{C0803397-D493-4377-B666-216BEF4D5D4D}.Debug|Any CPU.Build.0 = Debug|Any CPU
		{C0803397-D493-4377-B666-216BEF4D5D4D}.Release|Any CPU.ActiveCfg = Release|Any CPU
		{C0803397-D493-4377-B666-216BEF4D5D4D}.Release|Any CPU.Build.0 = Release|Any CPU
		{B6E9E171-E7CD-4CD5-9E6F-32CE36546346}.Debug|Any CPU.ActiveCfg = Debug|Any CPU
		{B6E9E171-E7CD-4CD5-9E6F-32CE36546346}.Debug|Any CPU.Build.0 = Debug|Any CPU
		{B6E9E171-E7CD-4CD5-9E6F-32CE36546346}.Release|Any CPU.ActiveCfg = Release|Any CPU
		{B6E9E171-E7CD-4CD5-9E6F-32CE36546346}.Release|Any CPU.Build.0 = Release|Any CPU
		{C623C132-7524-430E-A6C4-5EEE82FDD6D5}.Debug|Any CPU.ActiveCfg = Debug|Any CPU
		{C623C132-7524-430E-A6C4-5EEE82FDD6D5}.Debug|Any CPU.Build.0 = Debug|Any CPU
		{C623C132-7524-430E-A6C4-5EEE82FDD6D5}.Release|Any CPU.ActiveCfg = Release|Any CPU
		{C623C132-7524-430E-A6C4-5EEE82FDD6D5}.Release|Any CPU.Build.0 = Release|Any CPU
		{3208C381-05C0-49A4-B9D4-4727981D10F8}.Debug|Any CPU.ActiveCfg = Debug|Any CPU
		{3208C381-05C0-49A4-B9D4-4727981D10F8}.Debug|Any CPU.Build.0 = Debug|Any CPU
		{3208C381-05C0-49A4-B9D4-4727981D10F8}.Release|Any CPU.ActiveCfg = Release|Any CPU
		{3208C381-05C0-49A4-B9D4-4727981D10F8}.Release|Any CPU.Build.0 = Release|Any CPU
	EndGlobalSection
	GlobalSection(SolutionProperties) = preSolution
		HideSolutionNode = FALSE
	EndGlobalSection
	GlobalSection(ExtensibilityGlobals) = postSolution
		SolutionGuid = {0E274A21-E965-4B4F-811F-047F36692F64}
	EndGlobalSection
EndGlobal
